// !$*UTF8*$!
{
	archiveVersion = 1;
	classes = {
	};
	objectVersion = 50;
	objects = {

/* Begin PBXBuildFile section */
		694B2D07228FAC7700E8ED84 /* Player.swift in Sources */ = {isa = PBXBuildFile; fileRef = 694B2D06228FAC7700E8ED84 /* Player.swift */; };
		6993922F228E32BE006E4763 /* PlayerViewController.swift in Sources */ = {isa = PBXBuildFile; fileRef = 6993922E228E32BE006E4763 /* PlayerViewController.swift */; };
		69939231228E32CC006E4763 /* LeagueViewController.swift in Sources */ = {isa = PBXBuildFile; fileRef = 69939230228E32CC006E4763 /* LeagueViewController.swift */; };
		69EC4CDB228E014F003504C0 /* AppDelegate.swift in Sources */ = {isa = PBXBuildFile; fileRef = 69EC4CDA228E014F003504C0 /* AppDelegate.swift */; };
		69EC4CDD228E014F003504C0 /* WelcomeViewController.swift in Sources */ = {isa = PBXBuildFile; fileRef = 69EC4CDC228E014F003504C0 /* WelcomeViewController.swift */; };
		69EC4CE0228E014F003504C0 /* Main.storyboard in Resources */ = {isa = PBXBuildFile; fileRef = 69EC4CDE228E014F003504C0 /* Main.storyboard */; };
		69EC4CE2228E0150003504C0 /* Assets.xcassets in Resources */ = {isa = PBXBuildFile; fileRef = 69EC4CE1228E0150003504C0 /* Assets.xcassets */; };
		69EC4CE5228E0150003504C0 /* LaunchScreen.storyboard in Resources */ = {isa = PBXBuildFile; fileRef = 69EC4CE3228E0150003504C0 /* LaunchScreen.storyboard */; };
		69EC4CEE228E0733003504C0 /* BorderButton.swift in Sources */ = {isa = PBXBuildFile; fileRef = 69EC4CED228E0733003504C0 /* BorderButton.swift */; };
/* End PBXBuildFile section */

/* Begin PBXFileReference section */
		694B2D06228FAC7700E8ED84 /* Player.swift */ = {isa = PBXFileReference; lastKnownFileType = sourcecode.swift; path = Player.swift; sourceTree = "<group>"; };
		6993922E228E32BE006E4763 /* PlayerViewController.swift */ = {isa = PBXFileReference; lastKnownFileType = sourcecode.swift; path = PlayerViewController.swift; sourceTree = "<group>"; };
		69939230228E32CC006E4763 /* LeagueViewController.swift */ = {isa = PBXFileReference; lastKnownFileType = sourcecode.swift; path = LeagueViewController.swift; sourceTree = "<group>"; };
		69EC4CD7228E014F003504C0 /* Swoosh.app */ = {isa = PBXFileReference; explicitFileType = wrapper.application; includeInIndex = 0; path = Swoosh.app; sourceTree = BUILT_PRODUCTS_DIR; };
		69EC4CDA228E014F003504C0 /* AppDelegate.swift */ = {isa = PBXFileReference; lastKnownFileType = sourcecode.swift; path = AppDelegate.swift; sourceTree = "<group>"; };
		69EC4CDC228E014F003504C0 /* WelcomeViewController.swift */ = {isa = PBXFileReference; lastKnownFileType = sourcecode.swift; path = WelcomeViewController.swift; sourceTree = "<group>"; };
		69EC4CDF228E014F003504C0 /* Base */ = {isa = PBXFileReference; lastKnownFileType = file.storyboard; name = Base; path = Base.lproj/Main.storyboard; sourceTree = "<group>"; };
		69EC4CE1228E0150003504C0 /* Assets.xcassets */ = {isa = PBXFileReference; lastKnownFileType = folder.assetcatalog; path = Assets.xcassets; sourceTree = "<group>"; };
		69EC4CE4228E0150003504C0 /* Base */ = {isa = PBXFileReference; lastKnownFileType = file.storyboard; name = Base; path = Base.lproj/LaunchScreen.storyboard; sourceTree = "<group>"; };
		69EC4CE6228E0150003504C0 /* Info.plist */ = {isa = PBXFileReference; lastKnownFileType = text.plist.xml; path = Info.plist; sourceTree = "<group>"; };
		69EC4CED228E0733003504C0 /* BorderButton.swift */ = {isa = PBXFileReference; lastKnownFileType = sourcecode.swift; path = BorderButton.swift; sourceTree = "<group>"; };
/* End PBXFileReference section */

/* Begin PBXFrameworksBuildPhase section */
		69EC4CD4228E014F003504C0 /* Frameworks */ = {
			isa = PBXFrameworksBuildPhase;
			buildActionMask = 2147483647;
			files = (
			);
			runOnlyForDeploymentPostprocessing = 0;
		};
/* End PBXFrameworksBuildPhase section */

/* Begin PBXGroup section */
		69EC4CCE228E014F003504C0 = {
			isa = PBXGroup;
			children = (
				69EC4CD9228E014F003504C0 /* Swoosh */,
				69EC4CD8228E014F003504C0 /* Products */,
			);
			sourceTree = "<group>";
		};
		69EC4CD8228E014F003504C0 /* Products */ = {
			isa = PBXGroup;
			children = (
				69EC4CD7228E014F003504C0 /* Swoosh.app */,
			);
			name = Products;
			sourceTree = "<group>";
		};
		69EC4CD9228E014F003504C0 /* Swoosh */ = {
			isa = PBXGroup;
			children = (
				69EC4CEF228E0878003504C0 /* Model */,
				69EC4CEC228E070C003504C0 /* View */,
				69EC4CF0228E087F003504C0 /* Controller */,
				69EC4CDA228E014F003504C0 /* AppDelegate.swift */,
				69EC4CDE228E014F003504C0 /* Main.storyboard */,
				69EC4CE1228E0150003504C0 /* Assets.xcassets */,
				69EC4CE3228E0150003504C0 /* LaunchScreen.storyboard */,
				69EC4CE6228E0150003504C0 /* Info.plist */,
			);
			path = Swoosh;
			sourceTree = "<group>";
		};
		69EC4CEC228E070C003504C0 /* View */ = {
			isa = PBXGroup;
			children = (
				69EC4CED228E0733003504C0 /* BorderButton.swift */,
			);
			path = View;
			sourceTree = "<group>";
		};
		69EC4CEF228E0878003504C0 /* Model */ = {
			isa = PBXGroup;
			children = (
				694B2D06228FAC7700E8ED84 /* Player.swift */,
			);
			path = Model;
			sourceTree = "<group>";
		};
		69EC4CF0228E087F003504C0 /* Controller */ = {
			isa = PBXGroup;
			children = (
				69EC4CDC228E014F003504C0 /* WelcomeViewController.swift */,
				6993922E228E32BE006E4763 /* PlayerViewController.swift */,
				69939230228E32CC006E4763 /* LeagueViewController.swift */,
			);
			path = Controller;
			sourceTree = "<group>";
		};
/* End PBXGroup section */

/* Begin PBXNativeTarget section */
		69EC4CD6228E014F003504C0 /* Swoosh */ = {
			isa = PBXNativeTarget;
			buildConfigurationList = 69EC4CE9228E0150003504C0 /* Build configuration list for PBXNativeTarget "Swoosh" */;
			buildPhases = (
				69EC4CD3228E014F003504C0 /* Sources */,
				69EC4CD4228E014F003504C0 /* Frameworks */,
				69EC4CD5228E014F003504C0 /* Resources */,
			);
			buildRules = (
			);
			dependencies = (
			);
			name = Swoosh;
			productName = Swoosh;
			productReference = 69EC4CD7228E014F003504C0 /* Swoosh.app */;
			productType = "com.apple.product-type.application";
		};
/* End PBXNativeTarget section */

/* Begin PBXProject section */
		69EC4CCF228E014F003504C0 /* Project object */ = {
			isa = PBXProject;
			attributes = {
				LastSwiftUpdateCheck = 1020;
				LastUpgradeCheck = 1020;
				ORGANIZATIONNAME = "Jay Phillips";
				TargetAttributes = {
					69EC4CD6228E014F003504C0 = {
						CreatedOnToolsVersion = 10.2.1;
					};
				};
			};
			buildConfigurationList = 69EC4CD2228E014F003504C0 /* Build configuration list for PBXProject "Swoosh" */;
			compatibilityVersion = "Xcode 9.3";
			developmentRegion = en;
			hasScannedForEncodings = 0;
			knownRegions = (
				en,
				Base,
			);
			mainGroup = 69EC4CCE228E014F003504C0;
			productRefGroup = 69EC4CD8228E014F003504C0 /* Products */;
			projectDirPath = "";
			projectRoot = "";
			targets = (
				69EC4CD6228E014F003504C0 /* Swoosh */,
			);
		};
/* End PBXProject section */

/* Begin PBXResourcesBuildPhase section */
		69EC4CD5228E014F003504C0 /* Resources */ = {
			isa = PBXResourcesBuildPhase;
			buildActionMask = 2147483647;
			files = (
				69EC4CE5228E0150003504C0 /* LaunchScreen.storyboard in Resources */,
				69EC4CE2228E0150003504C0 /* Assets.xcassets in Resources */,
				69EC4CE0228E014F003504C0 /* Main.storyboard in Resources */,
			);
			runOnlyForDeploymentPostprocessing = 0;
		};
/* End PBXResourcesBuildPhase section */

/* Begin PBXSourcesBuildPhase section */
		69EC4CD3228E014F003504C0 /* Sources */ = {
			isa = PBXSourcesBuildPhase;
			buildActionMask = 2147483647;
			files = (
				69EC4CDD228E014F003504C0 /* WelcomeViewController.swift in Sources */,
				6993922F228E32BE006E4763 /* PlayerViewController.swift in Sources */,
				69EC4CDB228E014F003504C0 /* AppDelegate.swift in Sources */,
				69939231228E32CC006E4763 /* LeagueViewController.swift in Sources */,
				694B2D07228FAC7700E8ED84 /* Player.swift in Sources */,
				69EC4CEE228E0733003504C0 /* BorderButton.swift in Sources */,
			);
			runOnlyForDeploymentPostprocessing = 0;
		};
/* End PBXSourcesBuildPhase section */

/* Begin PBXVariantGroup section */
		69EC4CDE228E014F003504C0 /* Main.storyboard */ = {
			isa = PBXVariantGroup;
			children = (
				69EC4CDF228E014F003504C0 /* Base */,
			);
			name = Main.storyboard;
			sourceTree = "<group>";
		};
		69EC4CE3228E0150003504C0 /* LaunchScreen.storyboard */ = {
			isa = PBXVariantGroup;
			children = (
				69EC4CE4228E0150003504C0 /* Base */,
			);
			name = LaunchScreen.storyboard;
			sourceTree = "<group>";
		};
/* End PBXVariantGroup section */

/* Begin XCBuildConfiguration section */
		69EC4CE7228E0150003504C0 /* Debug */ = {
			isa = XCBuildConfiguration;
			buildSettings = {
				ALWAYS_SEARCH_USER_PATHS = NO;
				CLANG_ANALYZER_NONNULL = YES;
				CLANG_ANALYZER_NUMBER_OBJECT_CONVERSION = YES_AGGRESSIVE;
				CLANG_CXX_LANGUAGE_STANDARD = "gnu++14";
				CLANG_CXX_LIBRARY = "libc++";
				CLANG_ENABLE_MODULES = YES;
				CLANG_ENABLE_OBJC_ARC = YES;
				CLANG_ENABLE_OBJC_WEAK = YES;
				CLANG_WARN_BLOCK_CAPTURE_AUTORELEASING = YES;
				CLANG_WARN_BOOL_CONVERSION = YES;
				CLANG_WARN_COMMA = YES;
				CLANG_WARN_CONSTANT_CONVERSION = YES;
				CLANG_WARN_DEPRECATED_OBJC_IMPLEMENTATIONS = YES;
				CLANG_WARN_DIRECT_OBJC_ISA_USAGE = YES_ERROR;
				CLANG_WARN_DOCUMENTATION_COMMENTS = YES;
				CLANG_WARN_EMPTY_BODY = YES;
				CLANG_WARN_ENUM_CONVERSION = YES;
				CLANG_WARN_INFINITE_RECURSION = YES;
				CLANG_WARN_INT_CONVERSION = YES;
				CLANG_WARN_NON_LITERAL_NULL_CONVERSION = YES;
				CLANG_WARN_OBJC_IMPLICIT_RETAIN_SELF = YES;
				CLANG_WARN_OBJC_LITERAL_CONVERSION = YES;
				CLANG_WARN_OBJC_ROOT_CLASS = YES_ERROR;
				CLANG_WARN_RANGE_LOOP_ANALYSIS = YES;
				CLANG_WARN_STRICT_PROTOTYPES = YES;
				CLANG_WARN_SUSPICIOUS_MOVE = YES;
				CLANG_WARN_UNGUARDED_AVAILABILITY = YES_AGGRESSIVE;
				CLANG_WARN_UNREACHABLE_CODE = YES;
				CLANG_WARN__DUPLICATE_METHOD_MATCH = YES;
				CODE_SIGN_IDENTITY = "iPhone Developer";
				COPY_PHASE_STRIP = NO;
				DEBUG_INFORMATION_FORMAT = dwarf;
				ENABLE_STRICT_OBJC_MSGSEND = YES;
				ENABLE_TESTABILITY = YES;
				GCC_C_LANGUAGE_STANDARD = gnu11;
				GCC_DYNAMIC_NO_PIC = NO;
				GCC_NO_COMMON_BLOCKS = YES;
				GCC_OPTIMIZATION_LEVEL = 0;
				GCC_PREPROCESSOR_DEFINITIONS = (
					"DEBUG=1",
					"$(inherited)",
				);
				GCC_WARN_64_TO_32_BIT_CONVERSION = YES;
				GCC_WARN_ABOUT_RETURN_TYPE = YES_ERROR;
				GCC_WARN_UNDECLARED_SELECTOR = YES;
				GCC_WARN_UNINITIALIZED_AUTOS = YES_AGGRESSIVE;
				GCC_WARN_UNUSED_FUNCTION = YES;
				GCC_WARN_UNUSED_VARIABLE = YES;
				IPHONEOS_DEPLOYMENT_TARGET = 12.2;
				MTL_ENABLE_DEBUG_INFO = INCLUDE_SOURCE;
				MTL_FAST_MATH = YES;
				ONLY_ACTIVE_ARCH = YES;
				SDKROOT = iphoneos;
				SWIFT_ACTIVE_COMPILATION_CONDITIONS = DEBUG;
				SWIFT_OPTIMIZATION_LEVEL = "-Onone";
			};
			name = Debug;
		};
		69EC4CE8228E0150003504C0 /* Release */ = {
			isa = XCBuildConfiguration;
			buildSettings = {
				ALWAYS_SEARCH_USER_PATHS = NO;
				CLANG_ANALYZER_NONNULL = YES;
				CLANG_ANALYZER_NUMBER_OBJECT_CONVERSION = YES_AGGRESSIVE;
				CLANG_CXX_LANGUAGE_STANDARD = "gnu++14";
				CLANG_CXX_LIBRARY = "libc++";
				CLANG_ENABLE_MODULES = YES;
				CLANG_ENABLE_OBJC_ARC = YES;
				CLANG_ENABLE_OBJC_WEAK = YES;
				CLANG_WARN_BLOCK_CAPTURE_AUTORELEASING = YES;
				CLANG_WARN_BOOL_CONVERSION = YES;
				CLANG_WARN_COMMA = YES;
				CLANG_WARN_CONSTANT_CONVERSION = YES;
				CLANG_WARN_DEPRECATED_OBJC_IMPLEMENTATIONS = YES;
				CLANG_WARN_DIRECT_OBJC_ISA_USAGE = YES_ERROR;
				CLANG_WARN_DOCUMENTATION_COMMENTS = YES;
				CLANG_WARN_EMPTY_BODY = YES;
				CLANG_WARN_ENUM_CONVERSION = YES;
				CLANG_WARN_INFINITE_RECURSION = YES;
				CLANG_WARN_INT_CONVERSION = YES;
				CLANG_WARN_NON_LITERAL_NULL_CONVERSION = YES;
				CLANG_WARN_OBJC_IMPLICIT_RETAIN_SELF = YES;
				CLANG_WARN_OBJC_LITERAL_CONVERSION = YES;
				CLANG_WARN_OBJC_ROOT_CLASS = YES_ERROR;
				CLANG_WARN_RANGE_LOOP_ANALYSIS = YES;
				CLANG_WARN_STRICT_PROTOTYPES = YES;
				CLANG_WARN_SUSPICIOUS_MOVE = YES;
				CLANG_WARN_UNGUARDED_AVAILABILITY = YES_AGGRESSIVE;
				CLANG_WARN_UNREACHABLE_CODE = YES;
				CLANG_WARN__DUPLICATE_METHOD_MATCH = YES;
				CODE_SIGN_IDENTITY = "iPhone Developer";
				COPY_PHASE_STRIP = NO;
				DEBUG_INFORMATION_FORMAT = "dwarf-with-dsym";
				ENABLE_NS_ASSERTIONS = NO;
				ENABLE_STRICT_OBJC_MSGSEND = YES;
				GCC_C_LANGUAGE_STANDARD = gnu11;
				GCC_NO_COMMON_BLOCKS = YES;
				GCC_WARN_64_TO_32_BIT_CONVERSION = YES;
				GCC_WARN_ABOUT_RETURN_TYPE = YES_ERROR;
				GCC_WARN_UNDECLARED_SELECTOR = YES;
				GCC_WARN_UNINITIALIZED_AUTOS = YES_AGGRESSIVE;
				GCC_WARN_UNUSED_FUNCTION = YES;
				GCC_WARN_UNUSED_VARIABLE = YES;
				IPHONEOS_DEPLOYMENT_TARGET = 12.2;
				MTL_ENABLE_DEBUG_INFO = NO;
				MTL_FAST_MATH = YES;
				SDKROOT = iphoneos;
				SWIFT_COMPILATION_MODE = wholemodule;
				SWIFT_OPTIMIZATION_LEVEL = "-O";
				VALIDATE_PRODUCT = YES;
			};
			name = Release;
		};
		69EC4CEA228E0150003504C0 /* Debug */ = {
			isa = XCBuildConfiguration;
			buildSettings = {
				ASSETCATALOG_COMPILER_APPICON_NAME = AppIcon;
				CODE_SIGN_STYLE = Automatic;
				DEVELOPMENT_TEAM = 35D5MY3UD7;
				INFOPLIST_FILE = Swoosh/Info.plist;
				LD_RUNPATH_SEARCH_PATHS = (
					"$(inherited)",
					"@executable_path/Frameworks",
				);
				PRODUCT_BUNDLE_IDENTIFIER = net.devnasium.Swoosh;
				PRODUCT_NAME = "$(TARGET_NAME)";
				SWIFT_VERSION = 5.0;
				TARGETED_DEVICE_FAMILY = "1,2";
			};
			name = Debug;
		};
		69EC4CEB228E0150003504C0 /* Release */ = {
			isa = XCBuildConfiguration;
			buildSettings = {
				ASSETCATALOG_COMPILER_APPICON_NAME = AppIcon;
				CODE_SIGN_STYLE = Automatic;
				DEVELOPMENT_TEAM = 35D5MY3UD7;
				INFOPLIST_FILE = Swoosh/Info.plist;
				LD_RUNPATH_SEARCH_PATHS = (
					"$(inherited)",
					"@executable_path/Frameworks",
				);
				PRODUCT_BUNDLE_IDENTIFIER = net.devnasium.Swoosh;
				PRODUCT_NAME = "$(TARGET_NAME)";
				SWIFT_VERSION = 5.0;
				TARGETED_DEVICE_FAMILY = "1,2";
			};
			name = Release;
		};
/* End XCBuildConfiguration section */

/* Begin XCConfigurationList section */
		69EC4CD2228E014F003504C0 /* Build configuration list for PBXProject "Swoosh" */ = {
			isa = XCConfigurationList;
			buildConfigurations = (
				69EC4CE7228E0150003504C0 /* Debug */,
				69EC4CE8228E0150003504C0 /* Release */,
			);
			defaultConfigurationIsVisible = 0;
			defaultConfigurationName = Release;
		};
		69EC4CE9228E0150003504C0 /* Build configuration list for PBXNativeTarget "Swoosh" */ = {
			isa = XCConfigurationList;
			buildConfigurations = (
				69EC4CEA228E0150003504C0 /* Debug */,
				69EC4CEB228E0150003504C0 /* Release */,
			);
			defaultConfigurationIsVisible = 0;
			defaultConfigurationName = Release;
		};
/* End XCConfigurationList section */
	};
	rootObject = 69EC4CCF228E014F003504C0 /* Project object */;
}
